
Microsoft Visual Studio Solution File, Format Version 12.00
# Visual Studio 15
VisualStudioVersion = 15.0.27703.2035
MinimumVisualStudioVersion = 10.0.40219.1
Project("{2150E333-8FDC-42A3-9474-1A3956D46DE8}") = "Solution Items", "Solution Items", "{462F257B-5EDE-4409-9982-AFA7B17BDFF8}"
	ProjectSection(SolutionItems) = preProject
		..\readme.txt = ..\readme.txt
	EndProjectSection
EndProject
Project("{9A19103F-16F7-4668-BE54-9A1E7A4F7556}") = "log4net.ElasticSearch.NetStd", "log4net.ElasticSearch.NetStd\log4net.ElasticSearch.NetStd.csproj", "{DF29C971-A9E3-403E-AAE2-10637665B2FB}"
EndProject
Project("{9A19103F-16F7-4668-BE54-9A1E7A4F7556}") = "log4net.ElasticSearch.NetCore.Tests", "log4net.ElasticSearch.NetCore.Tests\log4net.ElasticSearch.NetCore.Tests.csproj", "{0A98F793-5EE7-4590-A706-E529B288A0E4}"
EndProject
Global
	GlobalSection(SolutionConfigurationPlatforms) = preSolution
		Debug|Any CPU = Debug|Any CPU
		Debug|Mixed Platforms = Debug|Mixed Platforms
		Debug|x86 = Debug|x86
		Release|Any CPU = Release|Any CPU
		Release|Mixed Platforms = Release|Mixed Platforms
		Release|x86 = Release|x86
	EndGlobalSection
	GlobalSection(ProjectConfigurationPlatforms) = postSolution
		{DF29C971-A9E3-403E-AAE2-10637665B2FB}.Debug|Any CPU.ActiveCfg = Debug|Any CPU
		{DF29C971-A9E3-403E-AAE2-10637665B2FB}.Debug|Any CPU.Build.0 = Debug|Any CPU
		{DF29C971-A9E3-403E-AAE2-10637665B2FB}.Debug|Mixed Platforms.ActiveCfg = Debug|Any CPU
		{DF29C971-A9E3-403E-AAE2-10637665B2FB}.Debug|Mixed Platforms.Build.0 = Debug|Any CPU
		{DF29C971-A9E3-403E-AAE2-10637665B2FB}.Debug|x86.ActiveCfg = Debug|Any CPU
		{DF29C971-A9E3-403E-AAE2-10637665B2FB}.Debug|x86.Build.0 = Debug|Any CPU
		{DF29C971-A9E3-403E-AAE2-10637665B2FB}.Release|Any CPU.ActiveCfg = Release|Any CPU
		{DF29C971-A9E3-403E-AAE2-10637665B2FB}.Release|Any CPU.Build.0 = Release|Any CPU
		{DF29C971-A9E3-403E-AAE2-10637665B2FB}.Release|Mixed Platforms.ActiveCfg = Release|Any CPU
		{DF29C971-A9E3-403E-AAE2-10637665B2FB}.Release|Mixed Platforms.Build.0 = Release|Any CPU
		{DF29C971-A9E3-403E-AAE2-10637665B2FB}.Release|x86.ActiveCfg = Release|Any CPU
		{DF29C971-A9E3-403E-AAE2-10637665B2FB}.Release|x86.Build.0 = Release|Any CPU
		{0A98F793-5EE7-4590-A706-E529B288A0E4}.Debug|Any CPU.ActiveCfg = Debug|Any CPU
		{0A98F793-5EE7-4590-A706-E529B288A0E4}.Debug|Any CPU.Build.0 = Debug|Any CPU
		{0A98F793-5EE7-4590-A706-E529B288A0E4}.Debug|Mixed Platforms.ActiveCfg = Debug|Any CPU
		{0A98F793-5EE7-4590-A706-E529B288A0E4}.Debug|Mixed Platforms.Build.0 = Debug|Any CPU
		{0A98F793-5EE7-4590-A706-E529B288A0E4}.Debug|x86.ActiveCfg = Debug|Any CPU
		{0A98F793-5EE7-4590-A706-E529B288A0E4}.Debug|x86.Build.0 = Debug|Any CPU
		{0A98F793-5EE7-4590-A706-E529B288A0E4}.Release|Any CPU.ActiveCfg = Release|Any CPU
		{0A98F793-5EE7-4590-A706-E529B288A0E4}.Release|Any CPU.Build.0 = Release|Any CPU
		{0A98F793-5EE7-4590-A706-E529B288A0E4}.Release|Mixed Platforms.ActiveCfg = Release|Any CPU
		{0A98F793-5EE7-4590-A706-E529B288A0E4}.Release|Mixed Platforms.Build.0 = Release|Any CPU
		{0A98F793-5EE7-4590-A706-E529B288A0E4}.Release|x86.ActiveCfg = Release|Any CPU
		{0A98F793-5EE7-4590-A706-E529B288A0E4}.Release|x86.Build.0 = Release|Any CPU
	EndGlobalSection
	GlobalSection(SolutionProperties) = preSolution
		HideSolutionNode = FALSE
	EndGlobalSection
	GlobalSection(ExtensibilityGlobals) = postSolution
		SolutionGuid = {214EB972-121B-499A-9D8E-41C8D4F159F6}
	EndGlobalSection
EndGlobal
